
Microsoft Visual Studio Solution File, Format Version 12.00
# Visual Studio Version 17
VisualStudioVersion = 17.13.35806.99
MinimumVisualStudioVersion = 10.0.40219.1
Project("{FAE04EC0-301F-11D3-BF4B-00C04F79EFBC}") = "FCG", "FCG\FCG.csproj", "{330944BE-A2D0-4092-A251-ACBF7E43F4FD}"
EndProject
Project("{FAE04EC0-301F-11D3-BF4B-00C04F79EFBC}") = "FCG.Infrastructure", "FCG.Infrastructure\FCG.Infrastructure.csproj", "{40F2312B-F2C2-42D4-9D03-F930D648B3E0}"
EndProject
Project("{FAE04EC0-301F-11D3-BF4B-00C04F79EFBC}") = "FCG.Application", "FCG.Application\FCG.Application.csproj", "{C99D5FAD-2995-4690-A9C8-1A33B27E1F5E}"
EndProject
Project("{FAE04EC0-301F-11D3-BF4B-00C04F79EFBC}") = "FCG.Domain", "FCG.Domain\FCG.Domain.csproj", "{4AF4B186-C33C-438B-B325-2FA52CF4D794}"
EndProject
Project("{2150E333-8FDC-42A3-9474-1A3956D46DE8}") = "Itens de Solução", "Itens de Solução", "{380A7511-A354-6D7A-0CC0-8FA1F1BA7B6C}"
	ProjectSection(SolutionItems) = preProject
		.gitignore = .gitignore
	EndProjectSection
EndProject
Project("{FAE04EC0-301F-11D3-BF4B-00C04F79EFBC}") = "FCG.Tests", "FCG.Tests\FCG.Tests.csproj", "{11799FF8-84C5-411F-A4AE-C1EB06BA7C56}"
EndProject
Global
	GlobalSection(SolutionConfigurationPlatforms) = preSolution
		Debug|Any CPU = Debug|Any CPU
		Release|Any CPU = Release|Any CPU
	EndGlobalSection
	GlobalSection(ProjectConfigurationPlatforms) = postSolution
		{330944BE-A2D0-4092-A251-ACBF7E43F4FD}.Debug|Any CPU.ActiveCfg = Debug|Any CPU
		{330944BE-A2D0-4092-A251-ACBF7E43F4FD}.Debug|Any CPU.Build.0 = Debug|Any CPU
		{330944BE-A2D0-4092-A251-ACBF7E43F4FD}.Release|Any CPU.ActiveCfg = Release|Any CPU
		{330944BE-A2D0-4092-A251-ACBF7E43F4FD}.Release|Any CPU.Build.0 = Release|Any CPU
		{40F2312B-F2C2-42D4-9D03-F930D648B3E0}.Debug|Any CPU.ActiveCfg = Debug|Any CPU
		{40F2312B-F2C2-42D4-9D03-F930D648B3E0}.Debug|Any CPU.Build.0 = Debug|Any CPU
		{40F2312B-F2C2-42D4-9D03-F930D648B3E0}.Release|Any CPU.ActiveCfg = Release|Any CPU
		{40F2312B-F2C2-42D4-9D03-F930D648B3E0}.Release|Any CPU.Build.0 = Release|Any CPU
		{C99D5FAD-2995-4690-A9C8-1A33B27E1F5E}.Debug|Any CPU.ActiveCfg = Debug|Any CPU
		{C99D5FAD-2995-4690-A9C8-1A33B27E1F5E}.Debug|Any CPU.Build.0 = Debug|Any CPU
		{C99D5FAD-2995-4690-A9C8-1A33B27E1F5E}.Release|Any CPU.ActiveCfg = Release|Any CPU
		{C99D5FAD-2995-4690-A9C8-1A33B27E1F5E}.Release|Any CPU.Build.0 = Release|Any CPU
		{4AF4B186-C33C-438B-B325-2FA52CF4D794}.Debug|Any CPU.ActiveCfg = Debug|Any CPU
		{4AF4B186-C33C-438B-B325-2FA52CF4D794}.Debug|Any CPU.Build.0 = Debug|Any CPU
		{4AF4B186-C33C-438B-B325-2FA52CF4D794}.Release|Any CPU.ActiveCfg = Release|Any CPU
		{4AF4B186-C33C-438B-B325-2FA52CF4D794}.Release|Any CPU.Build.0 = Release|Any CPU
		{11799FF8-84C5-411F-A4AE-C1EB06BA7C56}.Debug|Any CPU.ActiveCfg = Debug|Any CPU
		{11799FF8-84C5-411F-A4AE-C1EB06BA7C56}.Debug|Any CPU.Build.0 = Debug|Any CPU
		{11799FF8-84C5-411F-A4AE-C1EB06BA7C56}.Release|Any CPU.ActiveCfg = Release|Any CPU
		{11799FF8-84C5-411F-A4AE-C1EB06BA7C56}.Release|Any CPU.Build.0 = Release|Any CPU
	EndGlobalSection
	GlobalSection(SolutionProperties) = preSolution
		HideSolutionNode = FALSE
	EndGlobalSection
	GlobalSection(ExtensibilityGlobals) = postSolution
		SolutionGuid = {51253D8F-D469-4E47-AA3A-0DB29BECE647}
	EndGlobalSection
EndGlobal
